
Microsoft Visual Studio Solution File, Format Version 12.00
# Visual Studio Version 16
VisualStudioVersion = 16.0.30804.86
MinimumVisualStudioVersion = 10.0.40219.1
Project("{FAE04EC0-301F-11D3-BF4B-00C04F79EFBC}") = "TicTacToe", "TicTacToe\TicTacToe.csproj", "{33F7E0E5-BFEA-4C7A-B711-7938CB428BB4}"
EndProject
Global
	GlobalSection(SolutionConfigurationPlatforms) = preSolution
		Debug|Any CPU = Debug|Any CPU
		Release|Any CPU = Release|Any CPU
	EndGlobalSection
	GlobalSection(ProjectConfigurationPlatforms) = postSolution
		{33F7E0E5-BFEA-4C7A-B711-7938CB428BB4}.Debug|Any CPU.ActiveCfg = Debug|Any CPU
		{33F7E0E5-BFEA-4C7A-B711-7938CB428BB4}.Debug|Any CPU.Build.0 = Debug|Any CPU
		{33F7E0E5-BFEA-4C7A-B711-7938CB428BB4}.Release|Any CPU.ActiveCfg = Release|Any CPU
		{33F7E0E5-BFEA-4C7A-B711-7938CB428BB4}.Release|Any CPU.Build.0 = Release|Any CPU
	EndGlobalSection
	GlobalSection(SolutionProperties) = preSolution
		HideSolutionNode = FALSE
	EndGlobalSection
	GlobalSection(ExtensibilityGlobals) = postSolution
		SolutionGuid = {1AE84F44-35AC-4B88-9784-45247F9D08F0}
	EndGlobalSection
EndGlobal
